{
  "lockfileVersion": 1,
  "workspaces": {
    "": {
      "name": "origins-image-generator",
      "dependencies": {
        "jszip": "^3.10.1",
      },
      "optionalDependencies": {
        "@napi-rs/canvas": "^0.1.74",
      },
    },
  },
  "packages": {
    "@napi-rs/canvas": ["@napi-rs/canvas@0.1.77", "", { "optionalDependencies": { "@napi-rs/canvas-android-arm64": "0.1.77", "@napi-rs/canvas-darwin-arm64": "0.1.77", "@napi-rs/canvas-darwin-x64": "0.1.77", "@napi-rs/canvas-linux-arm-gnueabihf": "0.1.77", "@napi-rs/canvas-linux-arm64-gnu": "0.1.77", "@napi-rs/canvas-linux-arm64-musl": "0.1.77", "@napi-rs/canvas-linux-riscv64-gnu": "0.1.77", "@napi-rs/canvas-linux-x64-gnu": "0.1.77", "@napi-rs/canvas-linux-x64-musl": "0.1.77", "@napi-rs/canvas-win32-x64-msvc": "0.1.77" } }, "sha512-N9w2DkEKE1AXGp3q55GBOP6BEoFrqChDiFqJtKViTpQCWNOSVuMz7LkoGehbnpxtidppbsC36P0kCZNqJKs29w=="],

    "@napi-rs/canvas-android-arm64": ["@napi-rs/canvas-android-arm64@0.1.77", "", { "os": "android", "cpu": "arm64" }, "sha512-jC8YX0rbAnu9YrLK1A52KM2HX9EDjrJSCLVuBf9Dsov4IC6GgwMLS2pwL9GFLJnSZBFgdwnA84efBehHT9eshA=="],

    "@napi-rs/canvas-darwin-arm64": ["@napi-rs/canvas-darwin-arm64@0.1.77", "", { "os": "darwin", "cpu": "arm64" }, "sha512-VFaCaCgAV0+hPwXajDIiHaaGx4fVCuUVYp/CxCGXmTGz699ngIEBx3Sa2oDp0uk3X+6RCRLueb7vD44BKBiPIg=="],

    "@napi-rs/canvas-darwin-x64": ["@napi-rs/canvas-darwin-x64@0.1.77", "", { "os": "darwin", "cpu": "x64" }, "sha512-uD2NSkf6I4S3o0POJDwweK85FE4rfLNA2N714MgiEEMMw5AmupfSJGgpYzcyEXtPzdaca6rBfKcqNvzR1+EyLQ=="],

    "@napi-rs/canvas-linux-arm-gnueabihf": ["@napi-rs/canvas-linux-arm-gnueabihf@0.1.77", "", { "os": "linux", "cpu": "arm" }, "sha512-03GxMMZGhHRQxiA4gyoKT6iQSz8xnA6T9PAfg/WNJnbkVMFZG782DwUJUb39QIZ1uE1euMCPnDgWAJ092MmgJQ=="],

    "@napi-rs/canvas-linux-arm64-gnu": ["@napi-rs/canvas-linux-arm64-gnu@0.1.77", "", { "os": "linux", "cpu": "arm64" }, "sha512-ZO+d2gRU9JU1Bb7SgJcJ1k9wtRMCpSWjJAJ+2phhu0Lw5As8jYXXXmLKmMTGs1bOya2dBMYDLzwp7KS/S/+aCA=="],

    "@napi-rs/canvas-linux-arm64-musl": ["@napi-rs/canvas-linux-arm64-musl@0.1.77", "", { "os": "linux", "cpu": "arm64" }, "sha512-S1KtnP1+nWs2RApzNkdNf8X4trTLrHaY7FivV61ZRaL8NvuGOkSkKa+gWN2iedIGFEDz6gecpl/JAUSewwFXYg=="],

    "@napi-rs/canvas-linux-riscv64-gnu": ["@napi-rs/canvas-linux-riscv64-gnu@0.1.77", "", { "os": "linux", "cpu": "none" }, "sha512-A4YIKFYUwDtrSzCtdCAO5DYmRqlhCVKHdpq0+dBGPnIEhOQDFkPBTfoTAjO3pjlEnorlfKmNMOH21sKQg2esGA=="],

    "@napi-rs/canvas-linux-x64-gnu": ["@napi-rs/canvas-linux-x64-gnu@0.1.77", "", { "os": "linux", "cpu": "x64" }, "sha512-Lt6Sef5l0+5O1cSZ8ysO0JI+x+rSrqZyXs5f7+kVkCAOVq8X5WTcDVbvWvEs2aRhrWTp5y25Jf2Bn+3IcNHOuQ=="],

    "@napi-rs/canvas-linux-x64-musl": ["@napi-rs/canvas-linux-x64-musl@0.1.77", "", { "os": "linux", "cpu": "x64" }, "sha512-NiNFvC+D+omVeJ3IjYlIbyt/igONSABVe9z0ZZph29epHgZYu4eHwV9osfpRt1BGGOAM8LkFrHk4LBdn2EDymA=="],

    "@napi-rs/canvas-win32-x64-msvc": ["@napi-rs/canvas-win32-x64-msvc@0.1.77", "", { "os": "win32", "cpu": "x64" }, "sha512-fP6l0hZiWykyjvpZTS3sI46iib8QEflbPakNoUijtwyxRuOPTTBfzAWZUz5z2vKpJJ/8r305wnZeZ8lhsBHY5A=="],

    "core-util-is": ["core-util-is@1.0.3", "", {}, "sha512-ZQBvi1DcpJ4GDqanjucZ2Hj3wEO5pZDS89BWbkcrvdxksJorwUDDZamX9ldFkp9aw2lmBDLgkObEA4DWNJ9FYQ=="],

    "immediate": ["immediate@3.0.6", "", {}, "sha512-XXOFtyqDjNDAQxVfYxuF7g9Il/IbWmmlQg2MYKOH8ExIT1qg6xc4zyS3HaEEATgs1btfzxq15ciUiY7gjSXRGQ=="],

    "inherits": ["inherits@2.0.4", "", {}, "sha512-k/vGaX4/Yla3WzyMCvTQOXYeIHvqOKtnqBduzTHpzpQZzAskKMhZ2K+EnBiSM9zGSoIFeMpXKxa4dYeZIQqewQ=="],

    "isarray": ["isarray@1.0.0", "", {}, "sha512-VLghIWNM6ELQzo7zwmcg0NmTVyWKYjvIeM83yjp0wRDTmUnrM678fQbcKBo6n2CJEF0szoG//ytg+TKla89ALQ=="],

    "jszip": ["jszip@3.10.1", "", { "dependencies": { "lie": "~3.3.0", "pako": "~1.0.2", "readable-stream": "~2.3.6", "setimmediate": "^1.0.5" } }, "sha512-xXDvecyTpGLrqFrvkrUSoxxfJI5AH7U8zxxtVclpsUtMCq4JQ290LY8AW5c7Ggnr/Y/oK+bQMbqK2qmtk3pN4g=="],

    "lie": ["lie@3.3.0", "", { "dependencies": { "immediate": "~3.0.5" } }, "sha512-UaiMJzeWRlEujzAuw5LokY1L5ecNQYZKfmyZ9L7wDHb/p5etKaxXhohBcrw0EYby+G/NA52vRSN4N39dxHAIwQ=="],

    "pako": ["pako@1.0.11", "", {}, "sha512-4hLB8Py4zZce5s4yd9XzopqwVv/yGNhV1Bl8NTmCq1763HeK2+EwVTv+leGeL13Dnh2wfbqowVPXCIO0z4taYw=="],

    "process-nextick-args": ["process-nextick-args@2.0.1", "", {}, "sha512-3ouUOpQhtgrbOa17J7+uxOTpITYWaGP7/AhoR3+A+/1e9skrzelGi/dXzEYyvbxubEF6Wn2ypscTKiKJFFn1ag=="],

    "readable-stream": ["readable-stream@2.3.8", "", { "dependencies": { "core-util-is": "~1.0.0", "inherits": "~2.0.3", "isarray": "~1.0.0", "process-nextick-args": "~2.0.0", "safe-buffer": "~5.1.1", "string_decoder": "~1.1.1", "util-deprecate": "~1.0.1" } }, "sha512-8p0AUk4XODgIewSi0l8Epjs+EVnWiK7NoDIEGU0HhE7+ZyY8D1IMY7odu5lRrFXGg71L15KG8QrPmum45RTtdA=="],

    "safe-buffer": ["safe-buffer@5.1.2", "", {}, "sha512-Gd2UZBJDkXlY7GbJxfsE8/nvKkUEU1G38c1siN6QP6a9PT9MmHB8GnpscSmMJSoF8LOIrt8ud/wPtojys4G6+g=="],

    "setimmediate": ["setimmediate@1.0.5", "", {}, "sha512-MATJdZp8sLqDl/68LfQmbP8zKPLQNV6BIZoIgrscFDQ+RsvK/BxeDQOgyxKKoh0y/8h3BqVFnCqQ/gd+reiIXA=="],

    "string_decoder": ["string_decoder@1.1.1", "", { "dependencies": { "safe-buffer": "~5.1.0" } }, "sha512-n/ShnvDi6FHbbVfviro+WojiFzv+s8MPMHBczVePfUpDJLwoLT0ht1l4YwBCbi8pJAveEEdnkHyPyTP/mzRfwg=="],

    "util-deprecate": ["util-deprecate@1.0.2", "", {}, "sha512-EPD5q1uXyFxJpCrLnCc1nHnq3gOa6DZBocAIiI2TaSCA7VCJ1UJDMagCzIkXNsUYfD1daK//LTEQ8xiIbrHtcw=="],
  }
}
